
Microsoft Visual Studio Solution File, Format Version 12.00
# Visual Studio Version 17
VisualStudioVersion = 17.5.33530.505
MinimumVisualStudioVersion = 10.0.40219.1
Project("{FAE04EC0-301F-11D3-BF4B-00C04F79EFBC}") = "AC_0001_MedianStack", "AC_0001_MedianStack.csproj", "{20585C18-6A25-4056-BF2D-03803064FFC7}"
EndProject
Global
	GlobalSection(SolutionConfigurationPlatforms) = preSolution
		Debug|Any CPU = Debug|Any CPU
		Release|Any CPU = Release|Any CPU
	EndGlobalSection
	GlobalSection(ProjectConfigurationPlatforms) = postSolution
		{20585C18-6A25-4056-BF2D-03803064FFC7}.Debug|Any CPU.ActiveCfg = Debug|Any CPU
		{20585C18-6A25-4056-BF2D-03803064FFC7}.Debug|Any CPU.Build.0 = Debug|Any CPU
		{20585C18-6A25-4056-BF2D-03803064FFC7}.Release|Any CPU.ActiveCfg = Release|Any CPU
		{20585C18-6A25-4056-BF2D-03803064FFC7}.Release|Any CPU.Build.0 = Release|Any CPU
	EndGlobalSection
	GlobalSection(SolutionProperties) = preSolution
		HideSolutionNode = FALSE
	EndGlobalSection
	GlobalSection(ExtensibilityGlobals) = postSolution
		SolutionGuid = {D9BE9A6C-F1D1-41C1-B29A-A9E203E6F4A9}
	EndGlobalSection
EndGlobal
